
Microsoft Visual Studio Solution File, Format Version 11.00
# Visual C# Express 2010
Project("{FAE04EC0-301F-11D3-BF4B-00C04F79EFBC}") = "CareerReport", "CareerReport\CareerReport.csproj", "{FD7BEFA0-BC61-4BB8-9B25-B090805E758D}"
EndProject
Project("{FAE04EC0-301F-11D3-BF4B-00C04F79EFBC}") = "CareerReportStyle", "CareerReportStyle\CareerReportStyle.csproj", "{69247AAF-1D05-4FAB-8862-59A75A226070}"
EndProject
Global
	GlobalSection(SolutionConfigurationPlatforms) = preSolution
		Debug|x86 = Debug|x86
		Release|x86 = Release|x86
	EndGlobalSection
	GlobalSection(ProjectConfigurationPlatforms) = postSolution
		{FD7BEFA0-BC61-4BB8-9B25-B090805E758D}.Debug|x86.ActiveCfg = Debug|x86
		{FD7BEFA0-BC61-4BB8-9B25-B090805E758D}.Debug|x86.Build.0 = Debug|x86
		{FD7BEFA0-BC61-4BB8-9B25-B090805E758D}.Release|x86.ActiveCfg = Release|x86
		{FD7BEFA0-BC61-4BB8-9B25-B090805E758D}.Release|x86.Build.0 = Release|x86
		{69247AAF-1D05-4FAB-8862-59A75A226070}.Debug|x86.ActiveCfg = Debug|x86
		{69247AAF-1D05-4FAB-8862-59A75A226070}.Debug|x86.Build.0 = Debug|x86
		{69247AAF-1D05-4FAB-8862-59A75A226070}.Release|x86.ActiveCfg = Release|x86
		{69247AAF-1D05-4FAB-8862-59A75A226070}.Release|x86.Build.0 = Release|x86
	EndGlobalSection
	GlobalSection(SolutionProperties) = preSolution
		HideSolutionNode = FALSE
	EndGlobalSection
EndGlobal
